
Microsoft Visual Studio Solution File, Format Version 12.00
# Visual Studio Version 16
VisualStudioVersion = 16.0.30804.86
MinimumVisualStudioVersion = 10.0.40219.1
Project("{FAE04EC0-301F-11D3-BF4B-00C04F79EFBC}") = "App12", "App12\App12.csproj", "{672593CC-108E-46DB-A6AA-D47406A39639}"
EndProject
Global
	GlobalSection(SolutionConfigurationPlatforms) = preSolution
		Debug|Any CPU = Debug|Any CPU
		Release|Any CPU = Release|Any CPU
	EndGlobalSection
	GlobalSection(ProjectConfigurationPlatforms) = postSolution
		{672593CC-108E-46DB-A6AA-D47406A39639}.Debug|Any CPU.ActiveCfg = Debug|Any CPU
		{672593CC-108E-46DB-A6AA-D47406A39639}.Debug|Any CPU.Build.0 = Debug|Any CPU
		{672593CC-108E-46DB-A6AA-D47406A39639}.Debug|Any CPU.Deploy.0 = Debug|Any CPU
		{672593CC-108E-46DB-A6AA-D47406A39639}.Release|Any CPU.ActiveCfg = Release|Any CPU
		{672593CC-108E-46DB-A6AA-D47406A39639}.Release|Any CPU.Build.0 = Release|Any CPU
		{672593CC-108E-46DB-A6AA-D47406A39639}.Release|Any CPU.Deploy.0 = Release|Any CPU
	EndGlobalSection
	GlobalSection(SolutionProperties) = preSolution
		HideSolutionNode = FALSE
	EndGlobalSection
	GlobalSection(ExtensibilityGlobals) = postSolution
		SolutionGuid = {1A3C113E-E132-439F-BC2A-13EB42DA6E2F}
	EndGlobalSection
EndGlobal
